
Microsoft Visual Studio Solution File, Format Version 12.00
# Visual Studio Version 17
VisualStudioVersion = 17.4.33110.190
MinimumVisualStudioVersion = 10.0.40219.1
Project("{FAE04EC0-301F-11D3-BF4B-00C04F79EFBC}") = "buildapplication", "buildapplication\buildapplication.csproj", "{AB12EE95-7775-4E72-B21C-4D43EB6B3FD4}"
EndProject
Global
	GlobalSection(SolutionConfigurationPlatforms) = preSolution
		Debug|Any CPU = Debug|Any CPU
		Release|Any CPU = Release|Any CPU
	EndGlobalSection
	GlobalSection(ProjectConfigurationPlatforms) = postSolution
		{AB12EE95-7775-4E72-B21C-4D43EB6B3FD4}.Debug|Any CPU.ActiveCfg = Debug|Any CPU
		{AB12EE95-7775-4E72-B21C-4D43EB6B3FD4}.Debug|Any CPU.Build.0 = Debug|Any CPU
		{AB12EE95-7775-4E72-B21C-4D43EB6B3FD4}.Release|Any CPU.ActiveCfg = Release|Any CPU
		{AB12EE95-7775-4E72-B21C-4D43EB6B3FD4}.Release|Any CPU.Build.0 = Release|Any CPU
	EndGlobalSection
	GlobalSection(SolutionProperties) = preSolution
		HideSolutionNode = FALSE
	EndGlobalSection
	GlobalSection(ExtensibilityGlobals) = postSolution
		SolutionGuid = {90817233-49EC-4C95-8153-D9F4CADBC4BD}
	EndGlobalSection
EndGlobal
